
Microsoft Visual Studio Solution File, Format Version 12.00
# Visual Studio Version 17
VisualStudioVersion = 17.5.33402.96
MinimumVisualStudioVersion = 10.0.40219.1
Project("{9A19103F-16F7-4668-BE54-9A1E7A4F7556}") = "DevkitServer", "DevkitServer.csproj", "{C0FAB04D-A5EF-4A40-88EC-4F8F9FB24180}"
EndProject
Project("{911E67C6-3D85-4FCE-B560-20A9C3E3FF48}") = "Unturned", "C:\SteamCMD\steamapps\common\U3DS\Unturned.exe", "{6FE1178D-928F-471A-8B16-58F52D9872FB}"
	ProjectSection(DebuggerProjectSystem) = preProject
		PortSupplier = 00000000-0000-0000-0000-000000000000
		Executable = C:\SteamCMD\steamapps\common\U3DS\Unturned.exe
		RemoteMachine = DANIEL-DESKTOP
		StartingDirectory = C:\SteamCMD\steamapps\common\U3DS
		Arguments = -batchmode -nographics -AutoRestartDevkitServerUpdates -DevkitServerCheckUpdateInterval 30 -DevkitServerCheckUpdateShutdownDelay 30 +insecureserver/DevkitServerTest
		Environment = Default
		LaunchingEngine = 5fff7536-0c87-462d-8fd2-7971d948e6dc
		UseLegacyDebugEngines = No
		LaunchSQLEngine = No
		AttachLaunchAction = No
		IORedirection = Auto
	EndProjectSection
EndProject
Project("{9A19103F-16F7-4668-BE54-9A1E7A4F7556}") = "TestPlugin", "TestPlugin\TestPlugin.csproj", "{93EF58E4-4CD0-4EDE-839F-8AC5FF9611A9}"
EndProject
Project("{9A19103F-16F7-4668-BE54-9A1E7A4F7556}") = "DevkitServer.Tests", "DevkitServer.Tests\DevkitServer.Tests.csproj", "{1653CB14-E527-4FD1-AB0F-06DAC72BFCDF}"
EndProject
Project("{2150E333-8FDC-42A3-9474-1A3956D46DE8}") = "Solution Items", "Solution Items", "{E7D6E35D-E5F1-4869-97F5-C515D78054DD}"
	ProjectSection(SolutionItems) = preProject
		Common.targets = Common.targets
		Unturned.targets = Unturned.targets
	EndProjectSection
EndProject
Project("{9A19103F-16F7-4668-BE54-9A1E7A4F7556}") = "DevkitServer.Launcher", "DevkitServer.Launcher\DevkitServer.Launcher.csproj", "{5B03E97D-9E96-4F25-9200-33035CCD1902}"
EndProject
Project("{9A19103F-16F7-4668-BE54-9A1E7A4F7556}") = "DevkitServer.Resources", "DevkitServer.Resources\DevkitServer.Resources.csproj", "{58A685A9-9ACA-4592-8F91-FF574C88C3DD}"
EndProject
Project("{2150E333-8FDC-42A3-9474-1A3956D46DE8}") = "ForwardingTargets", "ForwardingTargets", "{301F51A2-F0E4-4FD8-8768-B1397BC303D4}"
EndProject
Project("{9A19103F-16F7-4668-BE54-9A1E7A4F7556}") = "ReflectionTools", "ForwardingTargets\ReflectionTools\ReflectionTools.csproj", "{3A0F7D69-FF15-4B81-8810-1E33182E49E9}"
EndProject
Project("{9A19103F-16F7-4668-BE54-9A1E7A4F7556}") = "UnturnedUITools", "ForwardingTargets\UnturnedUITools\UnturnedUITools.csproj", "{C4B7C919-F455-4B8F-9D7E-5E400EE52459}"
EndProject
Global
	GlobalSection(SolutionConfigurationPlatforms) = preSolution
		ClientDebug|Any CPU = ClientDebug|Any CPU
		ClientRelease|Any CPU = ClientRelease|Any CPU
		Debug|Any CPU = Debug|Any CPU
		Release|Any CPU = Release|Any CPU
		ServerDebug|Any CPU = ServerDebug|Any CPU
		ServerRelease|Any CPU = ServerRelease|Any CPU
	EndGlobalSection
	GlobalSection(ProjectConfigurationPlatforms) = postSolution
		{C0FAB04D-A5EF-4A40-88EC-4F8F9FB24180}.ClientDebug|Any CPU.ActiveCfg = ClientDebug|Any CPU
		{C0FAB04D-A5EF-4A40-88EC-4F8F9FB24180}.ClientDebug|Any CPU.Build.0 = ClientDebug|Any CPU
		{C0FAB04D-A5EF-4A40-88EC-4F8F9FB24180}.ClientRelease|Any CPU.ActiveCfg = ClientRelease|Any CPU
		{C0FAB04D-A5EF-4A40-88EC-4F8F9FB24180}.ClientRelease|Any CPU.Build.0 = ClientRelease|Any CPU
		{C0FAB04D-A5EF-4A40-88EC-4F8F9FB24180}.Debug|Any CPU.ActiveCfg = ServerDebug|Any CPU
		{C0FAB04D-A5EF-4A40-88EC-4F8F9FB24180}.Debug|Any CPU.Build.0 = ServerDebug|Any CPU
		{C0FAB04D-A5EF-4A40-88EC-4F8F9FB24180}.Release|Any CPU.ActiveCfg = ServerRelease|Any CPU
		{C0FAB04D-A5EF-4A40-88EC-4F8F9FB24180}.Release|Any CPU.Build.0 = ServerRelease|Any CPU
		{C0FAB04D-A5EF-4A40-88EC-4F8F9FB24180}.ServerDebug|Any CPU.ActiveCfg = ServerDebug|Any CPU
		{C0FAB04D-A5EF-4A40-88EC-4F8F9FB24180}.ServerDebug|Any CPU.Build.0 = ServerDebug|Any CPU
		{C0FAB04D-A5EF-4A40-88EC-4F8F9FB24180}.ServerRelease|Any CPU.ActiveCfg = ServerRelease|Any CPU
		{C0FAB04D-A5EF-4A40-88EC-4F8F9FB24180}.ServerRelease|Any CPU.Build.0 = ServerRelease|Any CPU
		{6FE1178D-928F-471A-8B16-58F52D9872FB}.ClientDebug|Any CPU.ActiveCfg = Release|x64
		{6FE1178D-928F-471A-8B16-58F52D9872FB}.ClientRelease|Any CPU.ActiveCfg = Release|x64
		{6FE1178D-928F-471A-8B16-58F52D9872FB}.Debug|Any CPU.ActiveCfg = Release|x64
		{6FE1178D-928F-471A-8B16-58F52D9872FB}.Release|Any CPU.ActiveCfg = Release|x64
		{6FE1178D-928F-471A-8B16-58F52D9872FB}.ServerDebug|Any CPU.ActiveCfg = Release|x64
		{6FE1178D-928F-471A-8B16-58F52D9872FB}.ServerRelease|Any CPU.ActiveCfg = Release|x64
		{93EF58E4-4CD0-4EDE-839F-8AC5FF9611A9}.ClientDebug|Any CPU.ActiveCfg = ClientDebug|Any CPU
		{93EF58E4-4CD0-4EDE-839F-8AC5FF9611A9}.ClientRelease|Any CPU.ActiveCfg = ClientRelease|Any CPU
		{93EF58E4-4CD0-4EDE-839F-8AC5FF9611A9}.ClientRelease|Any CPU.Build.0 = ClientRelease|Any CPU
		{93EF58E4-4CD0-4EDE-839F-8AC5FF9611A9}.Debug|Any CPU.ActiveCfg = ServerDebug|Any CPU
		{93EF58E4-4CD0-4EDE-839F-8AC5FF9611A9}.Release|Any CPU.ActiveCfg = ServerRelease|Any CPU
		{93EF58E4-4CD0-4EDE-839F-8AC5FF9611A9}.ServerDebug|Any CPU.ActiveCfg = ServerDebug|Any CPU
		{93EF58E4-4CD0-4EDE-839F-8AC5FF9611A9}.ServerDebug|Any CPU.Build.0 = ServerDebug|Any CPU
		{93EF58E4-4CD0-4EDE-839F-8AC5FF9611A9}.ServerRelease|Any CPU.ActiveCfg = ServerRelease|Any CPU
		{93EF58E4-4CD0-4EDE-839F-8AC5FF9611A9}.ServerRelease|Any CPU.Build.0 = ServerRelease|Any CPU
		{1653CB14-E527-4FD1-AB0F-06DAC72BFCDF}.ClientDebug|Any CPU.ActiveCfg = ClientDebug|Any CPU
		{1653CB14-E527-4FD1-AB0F-06DAC72BFCDF}.ClientRelease|Any CPU.ActiveCfg = ClientRelease|Any CPU
		{1653CB14-E527-4FD1-AB0F-06DAC72BFCDF}.ClientRelease|Any CPU.Build.0 = ClientRelease|Any CPU
		{1653CB14-E527-4FD1-AB0F-06DAC72BFCDF}.Debug|Any CPU.ActiveCfg = ServerDebug|Any CPU
		{1653CB14-E527-4FD1-AB0F-06DAC72BFCDF}.Release|Any CPU.ActiveCfg = ServerRelease|Any CPU
		{1653CB14-E527-4FD1-AB0F-06DAC72BFCDF}.ServerDebug|Any CPU.ActiveCfg = ServerDebug|Any CPU
		{1653CB14-E527-4FD1-AB0F-06DAC72BFCDF}.ServerDebug|Any CPU.Build.0 = ServerDebug|Any CPU
		{1653CB14-E527-4FD1-AB0F-06DAC72BFCDF}.ServerRelease|Any CPU.ActiveCfg = ServerRelease|Any CPU
		{1653CB14-E527-4FD1-AB0F-06DAC72BFCDF}.ServerRelease|Any CPU.Build.0 = ServerRelease|Any CPU
		{5B03E97D-9E96-4F25-9200-33035CCD1902}.ClientDebug|Any CPU.ActiveCfg = ClientDebug|Any CPU
		{5B03E97D-9E96-4F25-9200-33035CCD1902}.ClientRelease|Any CPU.ActiveCfg = ClientRelease|Any CPU
		{5B03E97D-9E96-4F25-9200-33035CCD1902}.Debug|Any CPU.ActiveCfg = ServerDebug|Any CPU
		{5B03E97D-9E96-4F25-9200-33035CCD1902}.Debug|Any CPU.Build.0 = ServerDebug|Any CPU
		{5B03E97D-9E96-4F25-9200-33035CCD1902}.Release|Any CPU.ActiveCfg = ServerRelease|Any CPU
		{5B03E97D-9E96-4F25-9200-33035CCD1902}.Release|Any CPU.Build.0 = ServerRelease|Any CPU
		{5B03E97D-9E96-4F25-9200-33035CCD1902}.ServerDebug|Any CPU.ActiveCfg = ServerRelease|Any CPU
		{5B03E97D-9E96-4F25-9200-33035CCD1902}.ServerRelease|Any CPU.ActiveCfg = ServerRelease|Any CPU
		{5B03E97D-9E96-4F25-9200-33035CCD1902}.ServerRelease|Any CPU.Build.0 = ServerRelease|Any CPU
		{58A685A9-9ACA-4592-8F91-FF574C88C3DD}.ClientDebug|Any CPU.ActiveCfg = ClientDebug|Any CPU
		{58A685A9-9ACA-4592-8F91-FF574C88C3DD}.ClientRelease|Any CPU.ActiveCfg = ClientRelease|Any CPU
		{58A685A9-9ACA-4592-8F91-FF574C88C3DD}.Debug|Any CPU.ActiveCfg = ClientDebug|Any CPU
		{58A685A9-9ACA-4592-8F91-FF574C88C3DD}.Debug|Any CPU.Build.0 = ClientDebug|Any CPU
		{58A685A9-9ACA-4592-8F91-FF574C88C3DD}.Release|Any CPU.ActiveCfg = ClientRelease|Any CPU
		{58A685A9-9ACA-4592-8F91-FF574C88C3DD}.Release|Any CPU.Build.0 = ClientRelease|Any CPU
		{58A685A9-9ACA-4592-8F91-FF574C88C3DD}.ServerDebug|Any CPU.ActiveCfg = ServerRelease|Any CPU
		{58A685A9-9ACA-4592-8F91-FF574C88C3DD}.ServerRelease|Any CPU.ActiveCfg = ServerRelease|Any CPU
		{3A0F7D69-FF15-4B81-8810-1E33182E49E9}.ClientDebug|Any CPU.ActiveCfg = Release|Any CPU
		{3A0F7D69-FF15-4B81-8810-1E33182E49E9}.ClientRelease|Any CPU.ActiveCfg = Release|Any CPU
		{3A0F7D69-FF15-4B81-8810-1E33182E49E9}.Debug|Any CPU.ActiveCfg = Release|Any CPU
		{3A0F7D69-FF15-4B81-8810-1E33182E49E9}.Release|Any CPU.ActiveCfg = Release|Any CPU
		{3A0F7D69-FF15-4B81-8810-1E33182E49E9}.Release|Any CPU.Build.0 = Release|Any CPU
		{3A0F7D69-FF15-4B81-8810-1E33182E49E9}.ServerDebug|Any CPU.ActiveCfg = Release|Any CPU
		{3A0F7D69-FF15-4B81-8810-1E33182E49E9}.ServerRelease|Any CPU.ActiveCfg = Release|Any CPU
		{3A0F7D69-FF15-4B81-8810-1E33182E49E9}.ServerRelease|Any CPU.Build.0 = Release|Any CPU
		{C4B7C919-F455-4B8F-9D7E-5E400EE52459}.ClientDebug|Any CPU.ActiveCfg = Release|Any CPU
		{C4B7C919-F455-4B8F-9D7E-5E400EE52459}.ClientRelease|Any CPU.ActiveCfg = Release|Any CPU
		{C4B7C919-F455-4B8F-9D7E-5E400EE52459}.Debug|Any CPU.ActiveCfg = Release|Any CPU
		{C4B7C919-F455-4B8F-9D7E-5E400EE52459}.Release|Any CPU.ActiveCfg = Release|Any CPU
		{C4B7C919-F455-4B8F-9D7E-5E400EE52459}.Release|Any CPU.Build.0 = Release|Any CPU
		{C4B7C919-F455-4B8F-9D7E-5E400EE52459}.ServerDebug|Any CPU.ActiveCfg = Release|Any CPU
		{C4B7C919-F455-4B8F-9D7E-5E400EE52459}.ServerRelease|Any CPU.ActiveCfg = Release|Any CPU
		{C4B7C919-F455-4B8F-9D7E-5E400EE52459}.ServerRelease|Any CPU.Build.0 = Release|Any CPU
	EndGlobalSection
	GlobalSection(SolutionProperties) = preSolution
		HideSolutionNode = FALSE
	EndGlobalSection
	GlobalSection(NestedProjects) = preSolution
		{3A0F7D69-FF15-4B81-8810-1E33182E49E9} = {301F51A2-F0E4-4FD8-8768-B1397BC303D4}
		{C4B7C919-F455-4B8F-9D7E-5E400EE52459} = {301F51A2-F0E4-4FD8-8768-B1397BC303D4}
	EndGlobalSection
	GlobalSection(ExtensibilityGlobals) = postSolution
		SolutionGuid = {E7C45DEE-0729-4005-84B3-64A78C76A359}
	EndGlobalSection
EndGlobal
